// !$*UTF8*$!
{
	archiveVersion = 1;
	classes = {
	};
	objectVersion = 50;
	objects = {

/* Begin PBXBuildFile section */
		5C6780B87C6457FEBFAE042E /* UserDefaultsTaskRepository.swift in Sources */ = {isa = PBXBuildFile; fileRef = 5C678C02E447ECA6741FCC65 /* UserDefaultsTaskRepository.swift */; };
		6C0D06F425D5518E008759C4 /* TaskTableViewCell.swift in Sources */ = {isa = PBXBuildFile; fileRef = 6C0D06F225D5518E008759C4 /* TaskTableViewCell.swift */; };
		6C0D06F525D5518E008759C4 /* TaskTableViewCell.xib in Resources */ = {isa = PBXBuildFile; fileRef = 6C0D06F325D5518E008759C4 /* TaskTableViewCell.xib */; };
		6C0D06F925D5539C008759C4 /* Task_f.swift in Sources */ = {isa = PBXBuildFile; fileRef = 6C0D06F825D5539C008759C4 /* Task_f.swift */; };
		6C0D070225D57512008759C4 /* TaskServiceProtocol.swift in Sources */ = {isa = PBXBuildFile; fileRef = 6C0D070125D57512008759C4 /* TaskServiceProtocol.swift */; };
		6C1034EE25D51AB4001A0D6B /* AppDelegate.swift in Sources */ = {isa = PBXBuildFile; fileRef = 6C1034ED25D51AB4001A0D6B /* AppDelegate.swift */; };
		6C1034F025D51AB4001A0D6B /* SceneDelegate.swift in Sources */ = {isa = PBXBuildFile; fileRef = 6C1034EF25D51AB4001A0D6B /* SceneDelegate.swift */; };
		6C1034F225D51AB4001A0D6B /* ViewController.swift in Sources */ = {isa = PBXBuildFile; fileRef = 6C1034F125D51AB4001A0D6B /* ViewController.swift */; };
		6C1034F525D51AB4001A0D6B /* Main.storyboard in Resources */ = {isa = PBXBuildFile; fileRef = 6C1034F325D51AB4001A0D6B /* Main.storyboard */; };
		6C1034F725D51AB5001A0D6B /* Assets.xcassets in Resources */ = {isa = PBXBuildFile; fileRef = 6C1034F625D51AB5001A0D6B /* Assets.xcassets */; };
		6C1034FA25D51AB5001A0D6B /* LaunchScreen.storyboard in Resources */ = {isa = PBXBuildFile; fileRef = 6C1034F825D51AB5001A0D6B /* LaunchScreen.storyboard */; };
		6C5BD2B825DD44EE00D47716 /* Task+CoreDataClass.swift in Sources */ = {isa = PBXBuildFile; fileRef = 6C5BD2B625DD44EE00D47716 /* Task+CoreDataClass.swift */; };
		6C5BD2B925DD44EE00D47716 /* Task+CoreDataProperties.swift in Sources */ = {isa = PBXBuildFile; fileRef = 6C5BD2B725DD44EE00D47716 /* Task+CoreDataProperties.swift */; };
		6C5BD2BD25DD452F00D47716 /* CoreDataStack.swift in Sources */ = {isa = PBXBuildFile; fileRef = 6C5BD2BC25DD452F00D47716 /* CoreDataStack.swift */; };
		6C5BD2C025DD455900D47716 /* CoreDataHelper.swift in Sources */ = {isa = PBXBuildFile; fileRef = 6C5BD2BF25DD455900D47716 /* CoreDataHelper.swift */; };
		6C61776F25DBDE9200ACA996 /* CoreData.framework in Frameworks */ = {isa = PBXBuildFile; fileRef = 6C61776E25DBDE9200ACA996 /* CoreData.framework */; };
		6C61777225DBE0ED00ACA996 /* cdg_swift.xcdatamodeld in Sources */ = {isa = PBXBuildFile; fileRef = 6C61777025DBE0ED00ACA996 /* cdg_swift.xcdatamodeld */; };
		6C61779225DBEC5600ACA996 /* TaskRepositoryProtocol.swift in Sources */ = {isa = PBXBuildFile; fileRef = 6C61779125DBEC5600ACA996 /* TaskRepositoryProtocol.swift */; };
		6C61779725DBEE9300ACA996 /* CoreDataTaskRepositoryImpl.swift in Sources */ = {isa = PBXBuildFile; fileRef = 6C61779625DBEE9300ACA996 /* CoreDataTaskRepositoryImpl.swift */; };
		6C61779D25DBF01E00ACA996 /* ArrayTaskRepositoryImpl.swift in Sources */ = {isa = PBXBuildFile; fileRef = 6C61779C25DBF01E00ACA996 /* ArrayTaskRepositoryImpl.swift */; };
		6CBC3D3C25D57F7E00A54D88 /* TaskServiceImpl.swift in Sources */ = {isa = PBXBuildFile; fileRef = 6CBC3D3B25D57F7E00A54D88 /* TaskServiceImpl.swift */; };
/* End PBXBuildFile section */

/* Begin PBXFileReference section */
		5C678C02E447ECA6741FCC65 /* UserDefaultsTaskRepository.swift */ = {isa = PBXFileReference; fileEncoding = 4; lastKnownFileType = sourcecode.swift; path = UserDefaultsTaskRepository.swift; sourceTree = "<group>"; };
		6C0D06F225D5518E008759C4 /* TaskTableViewCell.swift */ = {isa = PBXFileReference; lastKnownFileType = sourcecode.swift; path = TaskTableViewCell.swift; sourceTree = "<group>"; };
		6C0D06F325D5518E008759C4 /* TaskTableViewCell.xib */ = {isa = PBXFileReference; lastKnownFileType = file.xib; path = TaskTableViewCell.xib; sourceTree = "<group>"; };
		6C0D06F825D5539C008759C4 /* Task_f.swift */ = {isa = PBXFileReference; lastKnownFileType = sourcecode.swift; path = Task_f.swift; sourceTree = "<group>"; };
		6C0D070125D57512008759C4 /* TaskServiceProtocol.swift */ = {isa = PBXFileReference; lastKnownFileType = sourcecode.swift; path = TaskServiceProtocol.swift; sourceTree = "<group>"; };
		6C1034EA25D51AB4001A0D6B /* cdg_swift.app */ = {isa = PBXFileReference; explicitFileType = wrapper.application; includeInIndex = 0; path = cdg_swift.app; sourceTree = BUILT_PRODUCTS_DIR; };
		6C1034ED25D51AB4001A0D6B /* AppDelegate.swift */ = {isa = PBXFileReference; lastKnownFileType = sourcecode.swift; path = AppDelegate.swift; sourceTree = "<group>"; };
		6C1034EF25D51AB4001A0D6B /* SceneDelegate.swift */ = {isa = PBXFileReference; lastKnownFileType = sourcecode.swift; path = SceneDelegate.swift; sourceTree = "<group>"; };
		6C1034F125D51AB4001A0D6B /* ViewController.swift */ = {isa = PBXFileReference; lastKnownFileType = sourcecode.swift; path = ViewController.swift; sourceTree = "<group>"; };
		6C1034F425D51AB4001A0D6B /* Base */ = {isa = PBXFileReference; lastKnownFileType = file.storyboard; name = Base; path = Base.lproj/Main.storyboard; sourceTree = "<group>"; };
		6C1034F625D51AB5001A0D6B /* Assets.xcassets */ = {isa = PBXFileReference; lastKnownFileType = folder.assetcatalog; path = Assets.xcassets; sourceTree = "<group>"; };
		6C1034F925D51AB5001A0D6B /* Base */ = {isa = PBXFileReference; lastKnownFileType = file.storyboard; name = Base; path = Base.lproj/LaunchScreen.storyboard; sourceTree = "<group>"; };
		6C1034FB25D51AB5001A0D6B /* Info.plist */ = {isa = PBXFileReference; lastKnownFileType = text.plist.xml; path = Info.plist; sourceTree = "<group>"; };
		6C5BD2B625DD44EE00D47716 /* Task+CoreDataClass.swift */ = {isa = PBXFileReference; lastKnownFileType = sourcecode.swift; name = "Task+CoreDataClass.swift"; path = "cdg_swift/model/Task+CoreDataClass.swift"; sourceTree = "<group>"; };
		6C5BD2B725DD44EE00D47716 /* Task+CoreDataProperties.swift */ = {isa = PBXFileReference; lastKnownFileType = sourcecode.swift; name = "Task+CoreDataProperties.swift"; path = "cdg_swift/model/Task+CoreDataProperties.swift"; sourceTree = "<group>"; };
		6C5BD2BC25DD452F00D47716 /* CoreDataStack.swift */ = {isa = PBXFileReference; lastKnownFileType = sourcecode.swift; path = CoreDataStack.swift; sourceTree = "<group>"; };
		6C5BD2BF25DD455900D47716 /* CoreDataHelper.swift */ = {isa = PBXFileReference; lastKnownFileType = sourcecode.swift; path = CoreDataHelper.swift; sourceTree = "<group>"; };
		6C61776E25DBDE9200ACA996 /* CoreData.framework */ = {isa = PBXFileReference; lastKnownFileType = wrapper.framework; name = CoreData.framework; path = System/Library/Frameworks/CoreData.framework; sourceTree = SDKROOT; };
		6C61777125DBE0ED00ACA996 /* cdg_swift.xcdatamodel */ = {isa = PBXFileReference; lastKnownFileType = wrapper.xcdatamodel; path = cdg_swift.xcdatamodel; sourceTree = "<group>"; };
		6C61779125DBEC5600ACA996 /* TaskRepositoryProtocol.swift */ = {isa = PBXFileReference; lastKnownFileType = sourcecode.swift; path = TaskRepositoryProtocol.swift; sourceTree = "<group>"; };
		6C61779625DBEE9300ACA996 /* CoreDataTaskRepositoryImpl.swift */ = {isa = PBXFileReference; lastKnownFileType = sourcecode.swift; path = CoreDataTaskRepositoryImpl.swift; sourceTree = "<group>"; };
		6C61779C25DBF01E00ACA996 /* ArrayTaskRepositoryImpl.swift */ = {isa = PBXFileReference; lastKnownFileType = sourcecode.swift; path = ArrayTaskRepositoryImpl.swift; sourceTree = "<group>"; };
		6CBC3D3B25D57F7E00A54D88 /* TaskServiceImpl.swift */ = {isa = PBXFileReference; lastKnownFileType = sourcecode.swift; path = TaskServiceImpl.swift; sourceTree = "<group>"; };
/* End PBXFileReference section */

/* Begin PBXFrameworksBuildPhase section */
		6C1034E725D51AB4001A0D6B /* Frameworks */ = {
			isa = PBXFrameworksBuildPhase;
			buildActionMask = 2147483647;
			files = (
				6C61776F25DBDE9200ACA996 /* CoreData.framework in Frameworks */,
			);
			runOnlyForDeploymentPostprocessing = 0;
		};
/* End PBXFrameworksBuildPhase section */

/* Begin PBXGroup section */
		6C0D06F125D55176008759C4 /* Cell */ = {
			isa = PBXGroup;
			children = (
				6C0D06F225D5518E008759C4 /* TaskTableViewCell.swift */,
				6C0D06F325D5518E008759C4 /* TaskTableViewCell.xib */,
			);
			path = Cell;
			sourceTree = "<group>";
		};
		6C0D06FE25D574CB008759C4 /* service */ = {
			isa = PBXGroup;
			children = (
				6CBC3D3F25D5822300A54D88 /* impl */,
				6C0D070125D57512008759C4 /* TaskServiceProtocol.swift */,
			);
			path = service;
			sourceTree = "<group>";
		};
		6C1034E125D51AB4001A0D6B = {
			isa = PBXGroup;
			children = (
				6C5BD2B625DD44EE00D47716 /* Task+CoreDataClass.swift */,
				6C5BD2B725DD44EE00D47716 /* Task+CoreDataProperties.swift */,
				6C61777025DBE0ED00ACA996 /* cdg_swift.xcdatamodeld */,
				6C1034EC25D51AB4001A0D6B /* cdg_swift */,
				6C1034EB25D51AB4001A0D6B /* Products */,
				6C61776D25DBDE9200ACA996 /* Frameworks */,
			);
			sourceTree = "<group>";
		};
		6C1034EB25D51AB4001A0D6B /* Products */ = {
			isa = PBXGroup;
			children = (
				6C1034EA25D51AB4001A0D6B /* cdg_swift.app */,
			);
			name = Products;
			sourceTree = "<group>";
		};
		6C1034EC25D51AB4001A0D6B /* cdg_swift */ = {
			isa = PBXGroup;
			children = (
				6C61779025DBEBC800ACA996 /* repository */,
				6C61778A25DBEA5200ACA996 /* model */,
				6C0D06FE25D574CB008759C4 /* service */,
				6C0D06F125D55176008759C4 /* Cell */,
				6C1034ED25D51AB4001A0D6B /* AppDelegate.swift */,
				6C1034EF25D51AB4001A0D6B /* SceneDelegate.swift */,
				6C1034F125D51AB4001A0D6B /* ViewController.swift */,
				6C1034F325D51AB4001A0D6B /* Main.storyboard */,
				6C1034F625D51AB5001A0D6B /* Assets.xcassets */,
				6C1034F825D51AB5001A0D6B /* LaunchScreen.storyboard */,
				6C1034FB25D51AB5001A0D6B /* Info.plist */,
				6C0D06F825D5539C008759C4 /* Task_f.swift */,
			);
			path = cdg_swift;
			sourceTree = "<group>";
		};
		6C5BD2B525DD44A600D47716 /* util */ = {
			isa = PBXGroup;
			children = (
				6C5BD2BC25DD452F00D47716 /* CoreDataStack.swift */,
				6C5BD2BF25DD455900D47716 /* CoreDataHelper.swift */,
			);
			path = util;
			sourceTree = "<group>";
		};
		6C61776D25DBDE9200ACA996 /* Frameworks */ = {
			isa = PBXGroup;
			children = (
				6C61776E25DBDE9200ACA996 /* CoreData.framework */,
			);
			name = Frameworks;
			sourceTree = "<group>";
		};
		6C61778A25DBEA5200ACA996 /* model */ = {
			isa = PBXGroup;
			children = (
			);
			path = model;
			sourceTree = "<group>";
		};
		6C61779025DBEBC800ACA996 /* repository */ = {
			isa = PBXGroup;
			children = (
				6C7BBDF42608D4F60000A076 /* UserDefaults */,
				6C61779B25DBEFF900ACA996 /* array */,
				6C61779525DBEE2600ACA996 /* coreData */,
				6C61779125DBEC5600ACA996 /* TaskRepositoryProtocol.swift */,
			);
			path = repository;
			sourceTree = "<group>";
		};
		6C61779525DBEE2600ACA996 /* coreData */ = {
			isa = PBXGroup;
			children = (
				6C5BD2B525DD44A600D47716 /* util */,
				6C61779625DBEE9300ACA996 /* CoreDataTaskRepositoryImpl.swift */,
			);
			path = coreData;
			sourceTree = "<group>";
		};
		6C61779B25DBEFF900ACA996 /* array */ = {
			isa = PBXGroup;
			children = (
				6C61779C25DBF01E00ACA996 /* ArrayTaskRepositoryImpl.swift */,
			);
			path = array;
			sourceTree = "<group>";
		};
		6C7BBDF42608D4F60000A076 /* UserDefaults */ = {
			isa = PBXGroup;
			children = (
				5C678C02E447ECA6741FCC65 /* UserDefaultsTaskRepository.swift */,
			);
			path = UserDefaults;
			sourceTree = "<group>";
		};
		6CBC3D3F25D5822300A54D88 /* impl */ = {
			isa = PBXGroup;
			children = (
				6CBC3D3B25D57F7E00A54D88 /* TaskServiceImpl.swift */,
			);
			path = impl;
			sourceTree = "<group>";
		};
/* End PBXGroup section */

/* Begin PBXNativeTarget section */
		6C1034E925D51AB4001A0D6B /* cdg_swift */ = {
			isa = PBXNativeTarget;
			buildConfigurationList = 6C1034FE25D51AB5001A0D6B /* Build configuration list for PBXNativeTarget "cdg_swift" */;
			buildPhases = (
				6C1034E625D51AB4001A0D6B /* Sources */,
				6C1034E725D51AB4001A0D6B /* Frameworks */,
				6C1034E825D51AB4001A0D6B /* Resources */,
			);
			buildRules = (
			);
			dependencies = (
			);
			name = cdg_swift;
			productName = cdg_swift;
			productReference = 6C1034EA25D51AB4001A0D6B /* cdg_swift.app */;
			productType = "com.apple.product-type.application";
		};
/* End PBXNativeTarget section */

/* Begin PBXProject section */
		6C1034E225D51AB4001A0D6B /* Project object */ = {
			isa = PBXProject;
			attributes = {
				LastSwiftUpdateCheck = 1230;
				LastUpgradeCheck = 1230;
				TargetAttributes = {
					6C1034E925D51AB4001A0D6B = {
						CreatedOnToolsVersion = 12.3;
					};
				};
			};
			buildConfigurationList = 6C1034E525D51AB4001A0D6B /* Build configuration list for PBXProject "cdg_swift" */;
			compatibilityVersion = "Xcode 9.3";
			developmentRegion = en;
			hasScannedForEncodings = 0;
			knownRegions = (
				en,
				Base,
			);
			mainGroup = 6C1034E125D51AB4001A0D6B;
			productRefGroup = 6C1034EB25D51AB4001A0D6B /* Products */;
			projectDirPath = "";
			projectRoot = "";
			targets = (
				6C1034E925D51AB4001A0D6B /* cdg_swift */,
			);
		};
/* End PBXProject section */

/* Begin PBXResourcesBuildPhase section */
		6C1034E825D51AB4001A0D6B /* Resources */ = {
			isa = PBXResourcesBuildPhase;
			buildActionMask = 2147483647;
			files = (
				6C0D06F525D5518E008759C4 /* TaskTableViewCell.xib in Resources */,
				6C1034FA25D51AB5001A0D6B /* LaunchScreen.storyboard in Resources */,
				6C1034F725D51AB5001A0D6B /* Assets.xcassets in Resources */,
				6C1034F525D51AB4001A0D6B /* Main.storyboard in Resources */,
			);
			runOnlyForDeploymentPostprocessing = 0;
		};
/* End PBXResourcesBuildPhase section */

/* Begin PBXSourcesBuildPhase section */
		6C1034E625D51AB4001A0D6B /* Sources */ = {
			isa = PBXSourcesBuildPhase;
			buildActionMask = 2147483647;
			files = (
				6C5BD2C025DD455900D47716 /* CoreDataHelper.swift in Sources */,
				6C61777225DBE0ED00ACA996 /* cdg_swift.xcdatamodeld in Sources */,
				6C0D06F425D5518E008759C4 /* TaskTableViewCell.swift in Sources */,
				6C1034F225D51AB4001A0D6B /* ViewController.swift in Sources */,
				6C61779225DBEC5600ACA996 /* TaskRepositoryProtocol.swift in Sources */,
				6CBC3D3C25D57F7E00A54D88 /* TaskServiceImpl.swift in Sources */,
				6C0D070225D57512008759C4 /* TaskServiceProtocol.swift in Sources */,
				6C61779725DBEE9300ACA996 /* CoreDataTaskRepositoryImpl.swift in Sources */,
				6C5BD2BD25DD452F00D47716 /* CoreDataStack.swift in Sources */,
				6C0D06F925D5539C008759C4 /* Task_f.swift in Sources */,
				6C61779D25DBF01E00ACA996 /* ArrayTaskRepositoryImpl.swift in Sources */,
				6C1034EE25D51AB4001A0D6B /* AppDelegate.swift in Sources */,
				6C5BD2B925DD44EE00D47716 /* Task+CoreDataProperties.swift in Sources */,
				6C5BD2B825DD44EE00D47716 /* Task+CoreDataClass.swift in Sources */,
				6C1034F025D51AB4001A0D6B /* SceneDelegate.swift in Sources */,
				5C6780B87C6457FEBFAE042E /* UserDefaultsTaskRepository.swift in Sources */,
			);
			runOnlyForDeploymentPostprocessing = 0;
		};
/* End PBXSourcesBuildPhase section */

/* Begin PBXVariantGroup section */
		6C1034F325D51AB4001A0D6B /* Main.storyboard */ = {
			isa = PBXVariantGroup;
			children = (
				6C1034F425D51AB4001A0D6B /* Base */,
			);
			name = Main.storyboard;
			sourceTree = "<group>";
		};
		6C1034F825D51AB5001A0D6B /* LaunchScreen.storyboard */ = {
			isa = PBXVariantGroup;
			children = (
				6C1034F925D51AB5001A0D6B /* Base */,
			);
			name = LaunchScreen.storyboard;
			sourceTree = "<group>";
		};
/* End PBXVariantGroup section */

/* Begin XCBuildConfiguration section */
		6C1034FC25D51AB5001A0D6B /* Debug */ = {
			isa = XCBuildConfiguration;
			buildSettings = {
				ALWAYS_SEARCH_USER_PATHS = NO;
				CLANG_ANALYZER_NONNULL = YES;
				CLANG_ANALYZER_NUMBER_OBJECT_CONVERSION = YES_AGGRESSIVE;
				CLANG_CXX_LANGUAGE_STANDARD = "gnu++14";
				CLANG_CXX_LIBRARY = "libc++";
				CLANG_ENABLE_MODULES = YES;
				CLANG_ENABLE_OBJC_ARC = YES;
				CLANG_ENABLE_OBJC_WEAK = YES;
				CLANG_WARN_BLOCK_CAPTURE_AUTORELEASING = YES;
				CLANG_WARN_BOOL_CONVERSION = YES;
				CLANG_WARN_COMMA = YES;
				CLANG_WARN_CONSTANT_CONVERSION = YES;
				CLANG_WARN_DEPRECATED_OBJC_IMPLEMENTATIONS = YES;
				CLANG_WARN_DIRECT_OBJC_ISA_USAGE = YES_ERROR;
				CLANG_WARN_DOCUMENTATION_COMMENTS = YES;
				CLANG_WARN_EMPTY_BODY = YES;
				CLANG_WARN_ENUM_CONVERSION = YES;
				CLANG_WARN_INFINITE_RECURSION = YES;
				CLANG_WARN_INT_CONVERSION = YES;
				CLANG_WARN_NON_LITERAL_NULL_CONVERSION = YES;
				CLANG_WARN_OBJC_IMPLICIT_RETAIN_SELF = YES;
				CLANG_WARN_OBJC_LITERAL_CONVERSION = YES;
				CLANG_WARN_OBJC_ROOT_CLASS = YES_ERROR;
				CLANG_WARN_QUOTED_INCLUDE_IN_FRAMEWORK_HEADER = YES;
				CLANG_WARN_RANGE_LOOP_ANALYSIS = YES;
				CLANG_WARN_STRICT_PROTOTYPES = YES;
				CLANG_WARN_SUSPICIOUS_MOVE = YES;
				CLANG_WARN_UNGUARDED_AVAILABILITY = YES_AGGRESSIVE;
				CLANG_WARN_UNREACHABLE_CODE = YES;
				CLANG_WARN__DUPLICATE_METHOD_MATCH = YES;
				COPY_PHASE_STRIP = NO;
				DEBUG_INFORMATION_FORMAT = dwarf;
				ENABLE_STRICT_OBJC_MSGSEND = YES;
				ENABLE_TESTABILITY = YES;
				GCC_C_LANGUAGE_STANDARD = gnu11;
				GCC_DYNAMIC_NO_PIC = NO;
				GCC_NO_COMMON_BLOCKS = YES;
				GCC_OPTIMIZATION_LEVEL = 0;
				GCC_PREPROCESSOR_DEFINITIONS = (
					"DEBUG=1",
					"$(inherited)",
				);
				GCC_WARN_64_TO_32_BIT_CONVERSION = YES;
				GCC_WARN_ABOUT_RETURN_TYPE = YES_ERROR;
				GCC_WARN_UNDECLARED_SELECTOR = YES;
				GCC_WARN_UNINITIALIZED_AUTOS = YES_AGGRESSIVE;
				GCC_WARN_UNUSED_FUNCTION = YES;
				GCC_WARN_UNUSED_VARIABLE = YES;
				IPHONEOS_DEPLOYMENT_TARGET = 14.3;
				MTL_ENABLE_DEBUG_INFO = INCLUDE_SOURCE;
				MTL_FAST_MATH = YES;
				ONLY_ACTIVE_ARCH = YES;
				SDKROOT = iphoneos;
				SWIFT_ACTIVE_COMPILATION_CONDITIONS = DEBUG;
				SWIFT_OPTIMIZATION_LEVEL = "-Onone";
			};
			name = Debug;
		};
		6C1034FD25D51AB5001A0D6B /* Release */ = {
			isa = XCBuildConfiguration;
			buildSettings = {
				ALWAYS_SEARCH_USER_PATHS = NO;
				CLANG_ANALYZER_NONNULL = YES;
				CLANG_ANALYZER_NUMBER_OBJECT_CONVERSION = YES_AGGRESSIVE;
				CLANG_CXX_LANGUAGE_STANDARD = "gnu++14";
				CLANG_CXX_LIBRARY = "libc++";
				CLANG_ENABLE_MODULES = YES;
				CLANG_ENABLE_OBJC_ARC = YES;
				CLANG_ENABLE_OBJC_WEAK = YES;
				CLANG_WARN_BLOCK_CAPTURE_AUTORELEASING = YES;
				CLANG_WARN_BOOL_CONVERSION = YES;
				CLANG_WARN_COMMA = YES;
				CLANG_WARN_CONSTANT_CONVERSION = YES;
				CLANG_WARN_DEPRECATED_OBJC_IMPLEMENTATIONS = YES;
				CLANG_WARN_DIRECT_OBJC_ISA_USAGE = YES_ERROR;
				CLANG_WARN_DOCUMENTATION_COMMENTS = YES;
				CLANG_WARN_EMPTY_BODY = YES;
				CLANG_WARN_ENUM_CONVERSION = YES;
				CLANG_WARN_INFINITE_RECURSION = YES;
				CLANG_WARN_INT_CONVERSION = YES;
				CLANG_WARN_NON_LITERAL_NULL_CONVERSION = YES;
				CLANG_WARN_OBJC_IMPLICIT_RETAIN_SELF = YES;
				CLANG_WARN_OBJC_LITERAL_CONVERSION = YES;
				CLANG_WARN_OBJC_ROOT_CLASS = YES_ERROR;
				CLANG_WARN_QUOTED_INCLUDE_IN_FRAMEWORK_HEADER = YES;
				CLANG_WARN_RANGE_LOOP_ANALYSIS = YES;
				CLANG_WARN_STRICT_PROTOTYPES = YES;
				CLANG_WARN_SUSPICIOUS_MOVE = YES;
				CLANG_WARN_UNGUARDED_AVAILABILITY = YES_AGGRESSIVE;
				CLANG_WARN_UNREACHABLE_CODE = YES;
				CLANG_WARN__DUPLICATE_METHOD_MATCH = YES;
				COPY_PHASE_STRIP = NO;
				DEBUG_INFORMATION_FORMAT = "dwarf-with-dsym";
				ENABLE_NS_ASSERTIONS = NO;
				ENABLE_STRICT_OBJC_MSGSEND = YES;
				GCC_C_LANGUAGE_STANDARD = gnu11;
				GCC_NO_COMMON_BLOCKS = YES;
				GCC_WARN_64_TO_32_BIT_CONVERSION = YES;
				GCC_WARN_ABOUT_RETURN_TYPE = YES_ERROR;
				GCC_WARN_UNDECLARED_SELECTOR = YES;
				GCC_WARN_UNINITIALIZED_AUTOS = YES_AGGRESSIVE;
				GCC_WARN_UNUSED_FUNCTION = YES;
				GCC_WARN_UNUSED_VARIABLE = YES;
				IPHONEOS_DEPLOYMENT_TARGET = 14.3;
				MTL_ENABLE_DEBUG_INFO = NO;
				MTL_FAST_MATH = YES;
				SDKROOT = iphoneos;
				SWIFT_COMPILATION_MODE = wholemodule;
				SWIFT_OPTIMIZATION_LEVEL = "-O";
				VALIDATE_PRODUCT = YES;
			};
			name = Release;
		};
		6C1034FF25D51AB5001A0D6B /* Debug */ = {
			isa = XCBuildConfiguration;
			buildSettings = {
				ASSETCATALOG_COMPILER_APPICON_NAME = AppIcon;
				ASSETCATALOG_COMPILER_GLOBAL_ACCENT_COLOR_NAME = AccentColor;
				CODE_SIGN_STYLE = Automatic;
				INFOPLIST_FILE = cdg_swift/Info.plist;
				LD_RUNPATH_SEARCH_PATHS = (
					"$(inherited)",
					"@executable_path/Frameworks",
				);
				PRODUCT_BUNDLE_IDENTIFIER = "com.alvisid.cdg-swift";
				PRODUCT_NAME = "$(TARGET_NAME)";
				SWIFT_VERSION = 5.0;
				TARGETED_DEVICE_FAMILY = "1,2";
			};
			name = Debug;
		};
		6C10350025D51AB5001A0D6B /* Release */ = {
			isa = XCBuildConfiguration;
			buildSettings = {
				ASSETCATALOG_COMPILER_APPICON_NAME = AppIcon;
				ASSETCATALOG_COMPILER_GLOBAL_ACCENT_COLOR_NAME = AccentColor;
				CODE_SIGN_STYLE = Automatic;
				INFOPLIST_FILE = cdg_swift/Info.plist;
				LD_RUNPATH_SEARCH_PATHS = (
					"$(inherited)",
					"@executable_path/Frameworks",
				);
				PRODUCT_BUNDLE_IDENTIFIER = "com.alvisid.cdg-swift";
				PRODUCT_NAME = "$(TARGET_NAME)";
				SWIFT_VERSION = 5.0;
				TARGETED_DEVICE_FAMILY = "1,2";
			};
			name = Release;
		};
/* End XCBuildConfiguration section */

/* Begin XCConfigurationList section */
		6C1034E525D51AB4001A0D6B /* Build configuration list for PBXProject "cdg_swift" */ = {
			isa = XCConfigurationList;
			buildConfigurations = (
				6C1034FC25D51AB5001A0D6B /* Debug */,
				6C1034FD25D51AB5001A0D6B /* Release */,
			);
			defaultConfigurationIsVisible = 0;
			defaultConfigurationName = Release;
		};
		6C1034FE25D51AB5001A0D6B /* Build configuration list for PBXNativeTarget "cdg_swift" */ = {
			isa = XCConfigurationList;
			buildConfigurations = (
				6C1034FF25D51AB5001A0D6B /* Debug */,
				6C10350025D51AB5001A0D6B /* Release */,
			);
			defaultConfigurationIsVisible = 0;
			defaultConfigurationName = Release;
		};
/* End XCConfigurationList section */

/* Begin XCVersionGroup section */
		6C61777025DBE0ED00ACA996 /* cdg_swift.xcdatamodeld */ = {
			isa = XCVersionGroup;
			children = (
				6C61777125DBE0ED00ACA996 /* cdg_swift.xcdatamodel */,
			);
			currentVersion = 6C61777125DBE0ED00ACA996 /* cdg_swift.xcdatamodel */;
			path = cdg_swift.xcdatamodeld;
			sourceTree = "<group>";
			versionGroupType = wrapper.xcdatamodel;
		};
/* End XCVersionGroup section */
	};
	rootObject = 6C1034E225D51AB4001A0D6B /* Project object */;
}
